PODS:
  - AKRealmUtils (1.0.1):
    - Marshal
    - Realm
    - RealmSwift
  - Marshal (1.2.7)
  - Realm (3.17.1):
    - Realm/Headers (= 3.17.1)
  - Realm/Headers (3.17.1)
  - RealmSwift (3.17.1):
    - Realm (= 3.17.1)

DEPENDENCIES:
  - AKRealmUtils (from `../`)

SPEC REPOS:
  https://github.com/cocoapods/specs.git:
    - Marshal
    - Realm
    - RealmSwift

EXTERNAL SOURCES:
  AKRealmUtils:
    :path: "../"

SPEC CHECKSUMS:
  AKRealmUtils: 4baf51e1a3b1fec4f1ebebefc1dd22b98a42f7a7
  Marshal: ef480864a6af10a63f67be7e55bb5d8fe67a16d9
  Realm: c204f1a890f07dea43b14132a6aad118c054b8f2
  RealmSwift: 4d3c9233544b9cd08a8913e0872b9038eb99b054

PODFILE CHECKSUM: 259f40d053344c560e78a4a2d720bd5b171ebb00

COCOAPODS: 1.7.3
