{
  "object": {
    "pins": [
      {
        "package": "Realm",
        "repositoryURL": "https://github.com/realm/realm-cocoa.git",
        "state": {
          "branch": "master",
          "revision": "82ae2b0ca1e04184d99e990b4db6f9f9ed9348a2",
          "version": null
        }
      },
      {
        "package": "RealmCore",
        "repositoryURL": "https://github.com/realm/realm-core",
        "state": {
          "branch": null,
          "revision": "d2f6573960c84ebea3e0236047b3d976f95a5d7a",
          "version": "5.23.6"
        }
      }
    ]
  },
  "version": 1
}
